
Microsoft Visual Studio Solution File, Format Version 12.00
# Visual Studio 15
VisualStudioVersion = 15.0.27004.2002
MinimumVisualStudioVersion = 10.0.40219.1
Project("{FAE04EC0-301F-11D3-BF4B-00C04F79EFBC}") = "0.10_constructors_challenge", "0.10_constructors_challenge\0.10_constructors_challenge.csproj", "{2599E7C3-B2ED-4B97-95BD-96351ED2DD5C}"
EndProject
Global
	GlobalSection(SolutionConfigurationPlatforms) = preSolution
		Debug|Any CPU = Debug|Any CPU
		Release|Any CPU = Release|Any CPU
	EndGlobalSection
	GlobalSection(ProjectConfigurationPlatforms) = postSolution
		{2599E7C3-B2ED-4B97-95BD-96351ED2DD5C}.Debug|Any CPU.ActiveCfg = Debug|Any CPU
		{2599E7C3-B2ED-4B97-95BD-96351ED2DD5C}.Debug|Any CPU.Build.0 = Debug|Any CPU
		{2599E7C3-B2ED-4B97-95BD-96351ED2DD5C}.Release|Any CPU.ActiveCfg = Release|Any CPU
		{2599E7C3-B2ED-4B97-95BD-96351ED2DD5C}.Release|Any CPU.Build.0 = Release|Any CPU
	EndGlobalSection
	GlobalSection(SolutionProperties) = preSolution
		HideSolutionNode = FALSE
	EndGlobalSection
	GlobalSection(ExtensibilityGlobals) = postSolution
		SolutionGuid = {35E91323-3607-4A20-809E-DEC3C4536CC3}
	EndGlobalSection
EndGlobal
