
Microsoft Visual Studio Solution File, Format Version 12.00
# Visual Studio 15
VisualStudioVersion = 15.0.27004.2002
MinimumVisualStudioVersion = 10.0.40219.1
Project("{FAE04EC0-301F-11D3-BF4B-00C04F79EFBC}") = "1.03_loops__several_types", "1.03_loops__several_types\1.03_loops__several_types.csproj", "{266817C5-1325-4430-BA24-F0CFAF40CBB3}"
EndProject
Global
	GlobalSection(SolutionConfigurationPlatforms) = preSolution
		Debug|Any CPU = Debug|Any CPU
		Release|Any CPU = Release|Any CPU
	EndGlobalSection
	GlobalSection(ProjectConfigurationPlatforms) = postSolution
		{266817C5-1325-4430-BA24-F0CFAF40CBB3}.Debug|Any CPU.ActiveCfg = Debug|Any CPU
		{266817C5-1325-4430-BA24-F0CFAF40CBB3}.Debug|Any CPU.Build.0 = Debug|Any CPU
		{266817C5-1325-4430-BA24-F0CFAF40CBB3}.Release|Any CPU.ActiveCfg = Release|Any CPU
		{266817C5-1325-4430-BA24-F0CFAF40CBB3}.Release|Any CPU.Build.0 = Release|Any CPU
	EndGlobalSection
	GlobalSection(SolutionProperties) = preSolution
		HideSolutionNode = FALSE
	EndGlobalSection
	GlobalSection(ExtensibilityGlobals) = postSolution
		SolutionGuid = {FCF3B3E9-757F-4438-8F27-04B2E018AF2F}
	EndGlobalSection
EndGlobal
