
Microsoft Visual Studio Solution File, Format Version 12.00
# Visual Studio 15
VisualStudioVersion = 15.0.27004.2002
MinimumVisualStudioVersion = 10.0.40219.1
Project("{FAE04EC0-301F-11D3-BF4B-00C04F79EFBC}") = "1.09_break_keyword", "1.09_break_keyword.csproj", "{15DA7E83-4F90-4332-9A6B-554CAC96EF4C}"
EndProject
Global
	GlobalSection(SolutionConfigurationPlatforms) = preSolution
		Debug|Any CPU = Debug|Any CPU
		Release|Any CPU = Release|Any CPU
	EndGlobalSection
	GlobalSection(ProjectConfigurationPlatforms) = postSolution
		{15DA7E83-4F90-4332-9A6B-554CAC96EF4C}.Debug|Any CPU.ActiveCfg = Debug|Any CPU
		{15DA7E83-4F90-4332-9A6B-554CAC96EF4C}.Debug|Any CPU.Build.0 = Debug|Any CPU
		{15DA7E83-4F90-4332-9A6B-554CAC96EF4C}.Release|Any CPU.ActiveCfg = Release|Any CPU
		{15DA7E83-4F90-4332-9A6B-554CAC96EF4C}.Release|Any CPU.Build.0 = Release|Any CPU
	EndGlobalSection
	GlobalSection(SolutionProperties) = preSolution
		HideSolutionNode = FALSE
	EndGlobalSection
	GlobalSection(ExtensibilityGlobals) = postSolution
		SolutionGuid = {0BDB5E55-2EC5-4249-A2D5-5DB15B37E871}
	EndGlobalSection
EndGlobal
