
Microsoft Visual Studio Solution File, Format Version 12.00
# Visual Studio 15
VisualStudioVersion = 15.0.27004.2002
MinimumVisualStudioVersion = 10.0.40219.1
Project("{FAE04EC0-301F-11D3-BF4B-00C04F79EFBC}") = "0.013_methods Overloading", "0.013_methods Overloading\0.013_methods Overloading.csproj", "{B275E23C-B724-4A0D-9AF8-98D7CB40D9B8}"
EndProject
Global
	GlobalSection(SolutionConfigurationPlatforms) = preSolution
		Debug|Any CPU = Debug|Any CPU
		Release|Any CPU = Release|Any CPU
	EndGlobalSection
	GlobalSection(ProjectConfigurationPlatforms) = postSolution
		{B275E23C-B724-4A0D-9AF8-98D7CB40D9B8}.Debug|Any CPU.ActiveCfg = Debug|Any CPU
		{B275E23C-B724-4A0D-9AF8-98D7CB40D9B8}.Debug|Any CPU.Build.0 = Debug|Any CPU
		{B275E23C-B724-4A0D-9AF8-98D7CB40D9B8}.Release|Any CPU.ActiveCfg = Release|Any CPU
		{B275E23C-B724-4A0D-9AF8-98D7CB40D9B8}.Release|Any CPU.Build.0 = Release|Any CPU
	EndGlobalSection
	GlobalSection(SolutionProperties) = preSolution
		HideSolutionNode = FALSE
	EndGlobalSection
	GlobalSection(ExtensibilityGlobals) = postSolution
		SolutionGuid = {3FFE97DF-0153-481D-8586-15A8609879B0}
	EndGlobalSection
EndGlobal
